<?xml version="1.0" encoding="utf-8"?>
<Project ToolsVersion="4.0" xmlns="http://schemas.microsoft.com/developer/msbuild/2003">
  <ItemGroup>
    <Filter Include="Source Files">
      <UniqueIdentifier>{4FC737F1-C7A5-4376-A066-2A32D752A2FF}</UniqueIdentifier>
      <Extensions>cpp;c;cc;cxx;def;odl;idl;hpj;bat;asm;asmx</Extensions>
    </Filter>
    <Filter Include="Header Files">
      <UniqueIdentifier>{93995380-89BD-4b04-88EB-625FBE52EBFB}</UniqueIdentifier>
      <Extensions>h;hh;hpp;hxx;hm;inl;inc;xsd</Extensions>
    </Filter>
    <Filter Include="Resource Files">
      <UniqueIdentifier>{67DA6AB6-F800-4c08-8B7A-83BB121AAD01}</UniqueIdentifier>
      <Extensions>rc;ico;cur;bmp;dlg;rc2;rct;bin;rgs;gif;jpg;jpeg;jpe;resx;tiff;tif;png;wav;mfcribbon-ms</Extensions>
    </Filter>
    <Filter Include="Header Files\Framework">
      <UniqueIdentifier>{9231792f-2102-4094-a539-2dbdbc28109f}</UniqueIdentifier>
    </Filter>
    <Filter Include="Source Files\Framework">
      <UniqueIdentifier>{201146ca-3fa7-4037-aaed-88aa64b7a5b1}</UniqueIdentifier>
    </Filter>
    <Filter Include="Header Files\Josh Files">
      <UniqueIdentifier>{61535a79-d804-41bd-b92b-c1702a7eadcb}</UniqueIdentifier>
    </Filter>
    <Filter Include="Header Files\Abel Files">
      <UniqueIdentifier>{eaafda31-3b5e-4938-95be-2b3354ce53e4}</UniqueIdentifier>
    </Filter>
    <Filter Include="Source Files\Josh Files">
      <UniqueIdentifier>{9057e305-e4b3-4884-bb76-52edcddc58ff}</UniqueIdentifier>
    </Filter>
    <Filter Include="Source Files\Abel Files">
      <UniqueIdentifier>{1db849ee-2ab3-4e6b-b84c-a81bfd296a85}</UniqueIdentifier>
    </Filter>
    <Filter Include="Header Files\Framework\Shaders">
      <UniqueIdentifier>{8b6c92a8-f65d-451e-80e3-d65773602b92}</UniqueIdentifier>
    </Filter>
  </ItemGroup>
  <ItemGroup>
    <ClInclude Include="Game.h">
      <Filter>Header Files</Filter>
    </ClInclude>
    <ClInclude Include="ChiliException.h">
      <Filter>Header Files\Framework</Filter>
    </ClInclude>
    <ClInclude Include="ChiliWin.h">
      <Filter>Header Files\Framework</Filter>
    </ClInclude>
    <ClInclude Include="Colors.h">
      <Filter>Header Files\Framework</Filter>
    </ClInclude>
    <ClInclude Include="DXErr.h">
      <Filter>Header Files\Framework</Filter>
    </ClInclude>
    <ClInclude Include="Graphics.h">
      <Filter>Header Files\Framework</Filter>
    </ClInclude>
    <ClInclude Include="Keyboard.h">
      <Filter>Header Files\Framework</Filter>
    </ClInclude>
    <ClInclude Include="MainWindow.h">
      <Filter>Header Files\Framework</Filter>
    </ClInclude>
    <ClInclude Include="Mouse.h">
      <Filter>Header Files\Framework</Filter>
    </ClInclude>
    <ClInclude Include="Resource.h">
      <Filter>Header Files\Framework</Filter>
    </ClInclude>
    <ClInclude Include="Sound.h">
      <Filter>Header Files\Framework</Filter>
    </ClInclude>
    <ClInclude Include="SoundEffect.h">
      <Filter>Header Files\Framework</Filter>
    </ClInclude>
    <ClInclude Include="EnemyTrackMotion.h">
      <Filter>Header Files\Josh Files</Filter>
    </ClInclude>
    <ClInclude Include="Collision.h">
      <Filter>Header Files\Josh Files</Filter>
    </ClInclude>
    <ClInclude Include="Bitmap.h">
      <Filter>Header Files\Josh Files</Filter>
    </ClInclude>
    <ClInclude Include="Image.h">
      <Filter>Header Files\Josh Files</Filter>
    </ClInclude>
    <ClInclude Include="Player.h">
      <Filter>Header Files\Josh Files</Filter>
    </ClInclude>
    <ClInclude Include="Random.h">
      <Filter>Header Files\Josh Files</Filter>
    </ClInclude>
    <ClInclude Include="Shield.h">
      <Filter>Header Files\Josh Files</Filter>
    </ClInclude>
    <ClInclude Include="Size.h">
      <Filter>Header Files\Josh Files</Filter>
    </ClInclude>
    <ClInclude Include="StarField.h">
      <Filter>Header Files\Josh Files</Filter>
    </ClInclude>
    <ClInclude Include="Text.h">
      <Filter>Header Files\Josh Files</Filter>
    </ClInclude>
    <ClInclude Include="Timer.h">
      <Filter>Header Files\Josh Files</Filter>
    </ClInclude>
    <ClInclude Include="Amalgum.h">
      <Filter>Header Files\Josh Files</Filter>
    </ClInclude>
    <ClInclude Include="EnemyStraight.h">
      <Filter>Header Files\Abel Files</Filter>
    </ClInclude>
    <ClInclude Include="EnemyTrackStatic.h">
      <Filter>Header Files\Abel Files</Filter>
    </ClInclude>
    <ClInclude Include="Entity.h">
      <Filter>Header Files\Abel Files</Filter>
    </ClInclude>
    <ClInclude Include="Font.h">
      <Filter>Header Files\Abel Files</Filter>
    </ClInclude>
    <ClInclude Include="Level.h">
      <Filter>Header Files\Josh Files</Filter>
    </ClInclude>
    <ClInclude Include="Utilities.h">
      <Filter>Header Files\Josh Files</Filter>
    </ClInclude>
    <ClInclude Include="Wic.h">
      <Filter>Header Files\Josh Files</Filter>
    </ClInclude>
    <ClInclude Include="Ship.h">
      <Filter>Header Files\Abel Files</Filter>
    </ClInclude>
    <ClInclude Include="Spawner.h">
      <Filter>Header Files\Abel Files</Filter>
    </ClInclude>
    <ClInclude Include="Vector.h">
      <Filter>Header Files\Abel Files</Filter>
    </ClInclude>
    <ClInclude Include="Weapon.h">
      <Filter>Header Files\Abel Files</Filter>
    </ClInclude>
    <ClInclude Include="Projectile.h">
      <Filter>Header Files</Filter>
    </ClInclude>
    <ClInclude Include="View.h">
      <Filter>Header Files\Josh Files</Filter>
    </ClInclude>
    <ClInclude Include="Reaper.h">
      <Filter>Header Files</Filter>
    </ClInclude>
    <ClInclude Include="UpgradeController.h">
      <Filter>Header Files\Abel Files</Filter>
    </ClInclude>
  </ItemGroup>
  <ItemGroup>
    <ClCompile Include="Game.cpp">
      <Filter>Source Files</Filter>
    </ClCompile>
    <ClCompile Include="DXErr.cpp">
      <Filter>Source Files\Framework</Filter>
    </ClCompile>
    <ClCompile Include="Graphics.cpp">
      <Filter>Source Files\Framework</Filter>
    </ClCompile>
    <ClCompile Include="Keyboard.cpp">
      <Filter>Source Files\Framework</Filter>
    </ClCompile>
    <ClCompile Include="Main.cpp">
      <Filter>Source Files\Framework</Filter>
    </ClCompile>
    <ClCompile Include="MainWindow.cpp">
      <Filter>Source Files\Framework</Filter>
    </ClCompile>
    <ClCompile Include="Mouse.cpp">
      <Filter>Source Files\Framework</Filter>
    </ClCompile>
    <ClCompile Include="Sound.cpp">
      <Filter>Source Files\Framework</Filter>
    </ClCompile>
    <ClCompile Include="Weapon.cpp">
      <Filter>Source Files\Abel Files</Filter>
    </ClCompile>
    <ClCompile Include="Vector.cpp">
      <Filter>Source Files\Abel Files</Filter>
    </ClCompile>
    <ClCompile Include="Spawner.cpp">
      <Filter>Source Files\Abel Files</Filter>
    </ClCompile>
    <ClCompile Include="Ship.cpp">
      <Filter>Source Files\Abel Files</Filter>
    </ClCompile>
    <ClCompile Include="Font.cpp">
      <Filter>Source Files\Abel Files</Filter>
    </ClCompile>
    <ClCompile Include="Entity.cpp">
      <Filter>Source Files\Abel Files</Filter>
    </ClCompile>
    <ClCompile Include="EnemyTrackStatic.cpp">
      <Filter>Source Files\Abel Files</Filter>
    </ClCompile>
    <ClCompile Include="EnemyStraight.cpp">
      <Filter>Source Files\Abel Files</Filter>
    </ClCompile>
    <ClCompile Include="Amalgum.cpp">
      <Filter>Source Files\Josh Files</Filter>
    </ClCompile>
    <ClCompile Include="Bitmap.cpp">
      <Filter>Source Files\Josh Files</Filter>
    </ClCompile>
    <ClCompile Include="Collision.cpp">
      <Filter>Source Files\Josh Files</Filter>
    </ClCompile>
    <ClCompile Include="EnemyTrackMotion.cpp">
      <Filter>Source Files\Josh Files</Filter>
    </ClCompile>
    <ClCompile Include="Image.cpp">
      <Filter>Source Files\Josh Files</Filter>
    </ClCompile>
    <ClCompile Include="Level.cpp">
      <Filter>Source Files\Josh Files</Filter>
    </ClCompile>
    <ClCompile Include="Player.cpp">
      <Filter>Source Files\Josh Files</Filter>
    </ClCompile>
    <ClCompile Include="Random.cpp">
      <Filter>Source Files\Josh Files</Filter>
    </ClCompile>
    <ClCompile Include="Shield.cpp">
      <Filter>Source Files\Josh Files</Filter>
    </ClCompile>
    <ClCompile Include="StarField.cpp">
      <Filter>Source Files\Josh Files</Filter>
    </ClCompile>
    <ClCompile Include="Text.cpp">
      <Filter>Source Files\Josh Files</Filter>
    </ClCompile>
    <ClCompile Include="Timer.cpp">
      <Filter>Source Files\Josh Files</Filter>
    </ClCompile>
    <ClCompile Include="Wic.cpp">
      <Filter>Source Files\Josh Files</Filter>
    </ClCompile>
    <ClCompile Include="View.cpp">
      <Filter>Source Files\Josh Files</Filter>
    </ClCompile>
    <ClCompile Include="UpgradeController.cpp">
      <Filter>Source Files\Abel Files</Filter>
    </ClCompile>
    <ClCompile Include="Projectile.cpp">
      <Filter>Source Files\Josh Files</Filter>
    </ClCompile>
    <ClCompile Include="Reaper.cpp">
      <Filter>Source Files\Josh Files</Filter>
    </ClCompile>
  </ItemGroup>
  <ItemGroup>
    <FxCompile Include="FramebufferPS.hlsl">
      <Filter>Header Files\Framework\Shaders</Filter>
    </FxCompile>
    <FxCompile Include="FramebufferVS.hlsl">
      <Filter>Header Files\Framework\Shaders</Filter>
    </FxCompile>
  </ItemGroup>
  <ItemGroup>
    <ResourceCompile Include="Resource.rc">
      <Filter>Resource Files</Filter>
    </ResourceCompile>
  </ItemGroup>
  <ItemGroup>
    <Image Include="Chili.ico">
      <Filter>Resource Files</Filter>
    </Image>
  </ItemGroup>
  <ItemGroup>
    <Text Include="..\malagaMKII.txt" />
  </ItemGroup>
</Project>